
Microsoft Visual Studio Solution File, Format Version 12.00
# Visual Studio Version 17
VisualStudioVersion = 17.13.35919.96
MinimumVisualStudioVersion = 10.0.40219.1
Project("{FAE04EC0-301F-11D3-BF4B-00C04F79EFBC}") = "CompanyEmployees-Remastered", "CompanyEmployees-Remastered\CompanyEmployees-Remastered.csproj", "{11186EE0-AFFA-4CEC-B150-73E680E04D77}"
EndProject
Project("{FAE04EC0-301F-11D3-BF4B-00C04F79EFBC}") = "LoggingService", "LoggingService\LoggingService.csproj", "{454B530F-7345-49C8-A5D3-F1E90991A339}"
EndProject
Project("{FAE04EC0-301F-11D3-BF4B-00C04F79EFBC}") = "CompanyEmployees.Core.Domain", "CompanyEmployees.Core.Domain\CompanyEmployees.Core.Domain.csproj", "{A8E46A27-9EB4-44A2-B3AE-34B575134E41}"
EndProject
Project("{FAE04EC0-301F-11D3-BF4B-00C04F79EFBC}") = "CompanyEmployees.Infrastructure.Persistence", "CompanyEmployees.Infrastructure.Persistence\CompanyEmployees.Infrastructure.Persistence.csproj", "{509345C6-F5C3-4575-81E1-88AB37A76CAC}"
EndProject
Project("{FAE04EC0-301F-11D3-BF4B-00C04F79EFBC}") = "CompanyEmployees.Core.Services.Abstractions", "CompanyEmployees.Core.Services.Abstractions\CompanyEmployees.Core.Services.Abstractions.csproj", "{EFCB4866-11ED-48F2-B14D-96BDA1A43596}"
EndProject
Project("{FAE04EC0-301F-11D3-BF4B-00C04F79EFBC}") = "CompanyEmployees.Core.Services", "CompanyEmployees.Core.Services\CompanyEmployees.Core.Services.csproj", "{D6BD72F2-0E61-4463-90D4-024C9A40A392}"
EndProject
Project("{FAE04EC0-301F-11D3-BF4B-00C04F79EFBC}") = "CompanyEmployees.Infrastructure.Presentation", "CompanyEmployees.Infrastructure.Presentation\CompanyEmployees.Infrastructure.Presentation.csproj", "{A032D408-DD96-4CA4-A4AA-F86C39F749CF}"
EndProject
Project("{FAE04EC0-301F-11D3-BF4B-00C04F79EFBC}") = "CompanyEmployees.Shared", "CompanyEmployees.Shared\CompanyEmployees.Shared.csproj", "{37DFF162-E03C-4F0B-B080-3E8458674DE3}"
EndProject
Global
	GlobalSection(SolutionConfigurationPlatforms) = preSolution
		Debug|Any CPU = Debug|Any CPU
		Release|Any CPU = Release|Any CPU
	EndGlobalSection
	GlobalSection(ProjectConfigurationPlatforms) = postSolution
		{11186EE0-AFFA-4CEC-B150-73E680E04D77}.Debug|Any CPU.ActiveCfg = Debug|Any CPU
		{11186EE0-AFFA-4CEC-B150-73E680E04D77}.Debug|Any CPU.Build.0 = Debug|Any CPU
		{11186EE0-AFFA-4CEC-B150-73E680E04D77}.Release|Any CPU.ActiveCfg = Release|Any CPU
		{11186EE0-AFFA-4CEC-B150-73E680E04D77}.Release|Any CPU.Build.0 = Release|Any CPU
		{454B530F-7345-49C8-A5D3-F1E90991A339}.Debug|Any CPU.ActiveCfg = Debug|Any CPU
		{454B530F-7345-49C8-A5D3-F1E90991A339}.Debug|Any CPU.Build.0 = Debug|Any CPU
		{454B530F-7345-49C8-A5D3-F1E90991A339}.Release|Any CPU.ActiveCfg = Release|Any CPU
		{454B530F-7345-49C8-A5D3-F1E90991A339}.Release|Any CPU.Build.0 = Release|Any CPU
		{A8E46A27-9EB4-44A2-B3AE-34B575134E41}.Debug|Any CPU.ActiveCfg = Debug|Any CPU
		{A8E46A27-9EB4-44A2-B3AE-34B575134E41}.Debug|Any CPU.Build.0 = Debug|Any CPU
		{A8E46A27-9EB4-44A2-B3AE-34B575134E41}.Release|Any CPU.ActiveCfg = Release|Any CPU
		{A8E46A27-9EB4-44A2-B3AE-34B575134E41}.Release|Any CPU.Build.0 = Release|Any CPU
		{509345C6-F5C3-4575-81E1-88AB37A76CAC}.Debug|Any CPU.ActiveCfg = Debug|Any CPU
		{509345C6-F5C3-4575-81E1-88AB37A76CAC}.Debug|Any CPU.Build.0 = Debug|Any CPU
		{509345C6-F5C3-4575-81E1-88AB37A76CAC}.Release|Any CPU.ActiveCfg = Release|Any CPU
		{509345C6-F5C3-4575-81E1-88AB37A76CAC}.Release|Any CPU.Build.0 = Release|Any CPU
		{EFCB4866-11ED-48F2-B14D-96BDA1A43596}.Debug|Any CPU.ActiveCfg = Debug|Any CPU
		{EFCB4866-11ED-48F2-B14D-96BDA1A43596}.Debug|Any CPU.Build.0 = Debug|Any CPU
		{EFCB4866-11ED-48F2-B14D-96BDA1A43596}.Release|Any CPU.ActiveCfg = Release|Any CPU
		{EFCB4866-11ED-48F2-B14D-96BDA1A43596}.Release|Any CPU.Build.0 = Release|Any CPU
		{D6BD72F2-0E61-4463-90D4-024C9A40A392}.Debug|Any CPU.ActiveCfg = Debug|Any CPU
		{D6BD72F2-0E61-4463-90D4-024C9A40A392}.Debug|Any CPU.Build.0 = Debug|Any CPU
		{D6BD72F2-0E61-4463-90D4-024C9A40A392}.Release|Any CPU.ActiveCfg = Release|Any CPU
		{D6BD72F2-0E61-4463-90D4-024C9A40A392}.Release|Any CPU.Build.0 = Release|Any CPU
		{A032D408-DD96-4CA4-A4AA-F86C39F749CF}.Debug|Any CPU.ActiveCfg = Debug|Any CPU
		{A032D408-DD96-4CA4-A4AA-F86C39F749CF}.Debug|Any CPU.Build.0 = Debug|Any CPU
		{A032D408-DD96-4CA4-A4AA-F86C39F749CF}.Release|Any CPU.ActiveCfg = Release|Any CPU
		{A032D408-DD96-4CA4-A4AA-F86C39F749CF}.Release|Any CPU.Build.0 = Release|Any CPU
		{37DFF162-E03C-4F0B-B080-3E8458674DE3}.Debug|Any CPU.ActiveCfg = Debug|Any CPU
		{37DFF162-E03C-4F0B-B080-3E8458674DE3}.Debug|Any CPU.Build.0 = Debug|Any CPU
		{37DFF162-E03C-4F0B-B080-3E8458674DE3}.Release|Any CPU.ActiveCfg = Release|Any CPU
		{37DFF162-E03C-4F0B-B080-3E8458674DE3}.Release|Any CPU.Build.0 = Release|Any CPU
	EndGlobalSection
	GlobalSection(SolutionProperties) = preSolution
		HideSolutionNode = FALSE
	EndGlobalSection
	GlobalSection(ExtensibilityGlobals) = postSolution
		SolutionGuid = {BA9718B1-2C04-42A4-AD45-5A6C6C0EE7E3}
	EndGlobalSection
EndGlobal
